
Microsoft Visual Studio Solution File, Format Version 12.00
Project("{FAE04EC0-301F-11D3-BF4B-00C04F79EFBC}") = "Teoria3", "Teoria3\Teoria3.csproj", "{AFECC7D2-D7D1-48F0-AEAC-4218A79B859B}"
EndProject
Global
	GlobalSection(SolutionConfigurationPlatforms) = preSolution
		Debug|Any CPU = Debug|Any CPU
		Release|Any CPU = Release|Any CPU
	EndGlobalSection
	GlobalSection(ProjectConfigurationPlatforms) = postSolution
		{AFECC7D2-D7D1-48F0-AEAC-4218A79B859B}.Debug|Any CPU.ActiveCfg = Debug|Any CPU
		{AFECC7D2-D7D1-48F0-AEAC-4218A79B859B}.Debug|Any CPU.Build.0 = Debug|Any CPU
		{AFECC7D2-D7D1-48F0-AEAC-4218A79B859B}.Release|Any CPU.ActiveCfg = Release|Any CPU
		{AFECC7D2-D7D1-48F0-AEAC-4218A79B859B}.Release|Any CPU.Build.0 = Release|Any CPU
	EndGlobalSection
EndGlobal
